// !$*UTF8*$!
{
	archiveVersion = 1;
	classes = {
	};
	objectVersion = 50;
	objects = {

/* Begin PBXBuildFile section */
		63B7130924A5604900752E0E /* SandwichStore.swift in Sources */ = {isa = PBXBuildFile; fileRef = 63B7130824A5604900752E0E /* SandwichStore.swift */; };
		63B7130A24A5604900752E0E /* SandwichStore.swift in Sources */ = {isa = PBXBuildFile; fileRef = 63B7130824A5604900752E0E /* SandwichStore.swift */; };
		63C42B6124A440660072FA5C /* Tests_iOS.swift in Sources */ = {isa = PBXBuildFile; fileRef = 63C42B6024A440660072FA5C /* Tests_iOS.swift */; };
		63C42B6C24A440660072FA5C /* Tests_macOS.swift in Sources */ = {isa = PBXBuildFile; fileRef = 63C42B6B24A440660072FA5C /* Tests_macOS.swift */; };
		63C42B6E24A440660072FA5C /* SandwichsApp.swift in Sources */ = {isa = PBXBuildFile; fileRef = 63C42B4524A440650072FA5C /* SandwichsApp.swift */; };
		63C42B6F24A440660072FA5C /* SandwichsApp.swift in Sources */ = {isa = PBXBuildFile; fileRef = 63C42B4524A440650072FA5C /* SandwichsApp.swift */; };
		63C42B7024A440660072FA5C /* ContentView.swift in Sources */ = {isa = PBXBuildFile; fileRef = 63C42B4624A440650072FA5C /* ContentView.swift */; };
		63C42B7124A440660072FA5C /* ContentView.swift in Sources */ = {isa = PBXBuildFile; fileRef = 63C42B4624A440650072FA5C /* ContentView.swift */; };
		63C42B7224A440660072FA5C /* Assets.xcassets in Resources */ = {isa = PBXBuildFile; fileRef = 63C42B4724A440660072FA5C /* Assets.xcassets */; };
		63C42B7324A440660072FA5C /* Assets.xcassets in Resources */ = {isa = PBXBuildFile; fileRef = 63C42B4724A440660072FA5C /* Assets.xcassets */; };
		63C42B8324A441B70072FA5C /* Sandwich.swift in Sources */ = {isa = PBXBuildFile; fileRef = 63C42B8224A441B70072FA5C /* Sandwich.swift */; };
		63C42B8424A441B70072FA5C /* Sandwich.swift in Sources */ = {isa = PBXBuildFile; fileRef = 63C42B8224A441B70072FA5C /* Sandwich.swift */; };
		63C42B8924A4567E0072FA5C /* SandwichDetail.swift in Sources */ = {isa = PBXBuildFile; fileRef = 63C42B8824A4567E0072FA5C /* SandwichDetail.swift */; };
		63C42B8A24A4567E0072FA5C /* SandwichDetail.swift in Sources */ = {isa = PBXBuildFile; fileRef = 63C42B8824A4567E0072FA5C /* SandwichDetail.swift */; };
/* End PBXBuildFile section */

/* Begin PBXContainerItemProxy section */
		63C42B5D24A440660072FA5C /* PBXContainerItemProxy */ = {
			isa = PBXContainerItemProxy;
			containerPortal = 63C42B4024A440640072FA5C /* Project object */;
			proxyType = 1;
			remoteGlobalIDString = 63C42B4B24A440660072FA5C;
			remoteInfo = iOS;
		};
		63C42B6824A440660072FA5C /* PBXContainerItemProxy */ = {
			isa = PBXContainerItemProxy;
			containerPortal = 63C42B4024A440640072FA5C /* Project object */;
			proxyType = 1;
			remoteGlobalIDString = 63C42B5324A440660072FA5C;
			remoteInfo = macOS;
		};
/* End PBXContainerItemProxy section */

/* Begin PBXFileReference section */
		63B7130824A5604900752E0E /* SandwichStore.swift */ = {isa = PBXFileReference; lastKnownFileType = sourcecode.swift; path = SandwichStore.swift; sourceTree = "<group>"; };
		63C42B4524A440650072FA5C /* SandwichsApp.swift */ = {isa = PBXFileReference; lastKnownFileType = sourcecode.swift; path = SandwichsApp.swift; sourceTree = "<group>"; };
		63C42B4624A440650072FA5C /* ContentView.swift */ = {isa = PBXFileReference; lastKnownFileType = sourcecode.swift; path = ContentView.swift; sourceTree = "<group>"; };
		63C42B4724A440660072FA5C /* Assets.xcassets */ = {isa = PBXFileReference; lastKnownFileType = folder.assetcatalog; path = Assets.xcassets; sourceTree = "<group>"; };
		63C42B4C24A440660072FA5C /* Sandwichs.app */ = {isa = PBXFileReference; explicitFileType = wrapper.application; includeInIndex = 0; path = Sandwichs.app; sourceTree = BUILT_PRODUCTS_DIR; };
		63C42B4F24A440660072FA5C /* Info.plist */ = {isa = PBXFileReference; lastKnownFileType = text.plist.xml; path = Info.plist; sourceTree = "<group>"; };
		63C42B5424A440660072FA5C /* Sandwichs.app */ = {isa = PBXFileReference; explicitFileType = wrapper.application; includeInIndex = 0; path = Sandwichs.app; sourceTree = BUILT_PRODUCTS_DIR; };
		63C42B5624A440660072FA5C /* Info.plist */ = {isa = PBXFileReference; lastKnownFileType = text.plist.xml; path = Info.plist; sourceTree = "<group>"; };
		63C42B5724A440660072FA5C /* macOS.entitlements */ = {isa = PBXFileReference; lastKnownFileType = text.plist.entitlements; path = macOS.entitlements; sourceTree = "<group>"; };
		63C42B5C24A440660072FA5C /* Tests iOS.xctest */ = {isa = PBXFileReference; explicitFileType = wrapper.cfbundle; includeInIndex = 0; path = "Tests iOS.xctest"; sourceTree = BUILT_PRODUCTS_DIR; };
		63C42B6024A440660072FA5C /* Tests_iOS.swift */ = {isa = PBXFileReference; lastKnownFileType = sourcecode.swift; path = Tests_iOS.swift; sourceTree = "<group>"; };
		63C42B6224A440660072FA5C /* Info.plist */ = {isa = PBXFileReference; lastKnownFileType = text.plist.xml; path = Info.plist; sourceTree = "<group>"; };
		63C42B6724A440660072FA5C /* Tests macOS.xctest */ = {isa = PBXFileReference; explicitFileType = wrapper.cfbundle; includeInIndex = 0; path = "Tests macOS.xctest"; sourceTree = BUILT_PRODUCTS_DIR; };
		63C42B6B24A440660072FA5C /* Tests_macOS.swift */ = {isa = PBXFileReference; lastKnownFileType = sourcecode.swift; path = Tests_macOS.swift; sourceTree = "<group>"; };
		63C42B6D24A440660072FA5C /* Info.plist */ = {isa = PBXFileReference; lastKnownFileType = text.plist.xml; path = Info.plist; sourceTree = "<group>"; };
		63C42B8224A441B70072FA5C /* Sandwich.swift */ = {isa = PBXFileReference; fileEncoding = 4; lastKnownFileType = sourcecode.swift; path = Sandwich.swift; sourceTree = "<group>"; };
		63C42B8824A4567E0072FA5C /* SandwichDetail.swift */ = {isa = PBXFileReference; lastKnownFileType = sourcecode.swift; path = SandwichDetail.swift; sourceTree = "<group>"; };
/* End PBXFileReference section */

/* Begin PBXFrameworksBuildPhase section */
		63C42B4924A440660072FA5C /* Frameworks */ = {
			isa = PBXFrameworksBuildPhase;
			buildActionMask = 2147483647;
			files = (
			);
			runOnlyForDeploymentPostprocessing = 0;
		};
		63C42B5124A440660072FA5C /* Frameworks */ = {
			isa = PBXFrameworksBuildPhase;
			buildActionMask = 2147483647;
			files = (
			);
			runOnlyForDeploymentPostprocessing = 0;
		};
		63C42B5924A440660072FA5C /* Frameworks */ = {
			isa = PBXFrameworksBuildPhase;
			buildActionMask = 2147483647;
			files = (
			);
			runOnlyForDeploymentPostprocessing = 0;
		};
		63C42B6424A440660072FA5C /* Frameworks */ = {
			isa = PBXFrameworksBuildPhase;
			buildActionMask = 2147483647;
			files = (
			);
			runOnlyForDeploymentPostprocessing = 0;
		};
/* End PBXFrameworksBuildPhase section */

/* Begin PBXGroup section */
		63C42B3F24A440640072FA5C = {
			isa = PBXGroup;
			children = (
				63C42B4424A440650072FA5C /* Shared */,
				63C42B4E24A440660072FA5C /* iOS */,
				63C42B5524A440660072FA5C /* macOS */,
				63C42B5F24A440660072FA5C /* Tests iOS */,
				63C42B6A24A440660072FA5C /* Tests macOS */,
				63C42B4D24A440660072FA5C /* Products */,
			);
			sourceTree = "<group>";
		};
		63C42B4424A440650072FA5C /* Shared */ = {
			isa = PBXGroup;
			children = (
				63C42B4524A440650072FA5C /* SandwichsApp.swift */,
				63C42B4624A440650072FA5C /* ContentView.swift */,
				63B7130824A5604900752E0E /* SandwichStore.swift */,
				63C42B8824A4567E0072FA5C /* SandwichDetail.swift */,
				63C42B8224A441B70072FA5C /* Sandwich.swift */,
				63C42B4724A440660072FA5C /* Assets.xcassets */,
			);
			path = Shared;
			sourceTree = "<group>";
		};
		63C42B4D24A440660072FA5C /* Products */ = {
			isa = PBXGroup;
			children = (
				63C42B4C24A440660072FA5C /* Sandwichs.app */,
				63C42B5424A440660072FA5C /* Sandwichs.app */,
				63C42B5C24A440660072FA5C /* Tests iOS.xctest */,
				63C42B6724A440660072FA5C /* Tests macOS.xctest */,
			);
			name = Products;
			sourceTree = "<group>";
		};
		63C42B4E24A440660072FA5C /* iOS */ = {
			isa = PBXGroup;
			children = (
				63C42B4F24A440660072FA5C /* Info.plist */,
			);
			path = iOS;
			sourceTree = "<group>";
		};
		63C42B5524A440660072FA5C /* macOS */ = {
			isa = PBXGroup;
			children = (
				63C42B5624A440660072FA5C /* Info.plist */,
				63C42B5724A440660072FA5C /* macOS.entitlements */,
			);
			path = macOS;
			sourceTree = "<group>";
		};
		63C42B5F24A440660072FA5C /* Tests iOS */ = {
			isa = PBXGroup;
			children = (
				63C42B6024A440660072FA5C /* Tests_iOS.swift */,
				63C42B6224A440660072FA5C /* Info.plist */,
			);
			path = "Tests iOS";
			sourceTree = "<group>";
		};
		63C42B6A24A440660072FA5C /* Tests macOS */ = {
			isa = PBXGroup;
			children = (
				63C42B6B24A440660072FA5C /* Tests_macOS.swift */,
				63C42B6D24A440660072FA5C /* Info.plist */,
			);
			path = "Tests macOS";
			sourceTree = "<group>";
		};
/* End PBXGroup section */

/* Begin PBXNativeTarget section */
		63C42B4B24A440660072FA5C /* iOS */ = {
			isa = PBXNativeTarget;
			buildConfigurationList = 63C42B7624A440660072FA5C /* Build configuration list for PBXNativeTarget "iOS" */;
			buildPhases = (
				63C42B4824A440660072FA5C /* Sources */,
				63C42B4924A440660072FA5C /* Frameworks */,
				63C42B4A24A440660072FA5C /* Resources */,
			);
			buildRules = (
			);
			dependencies = (
			);
			name = iOS;
			productName = iOS;
			productReference = 63C42B4C24A440660072FA5C /* Sandwichs.app */;
			productType = "com.apple.product-type.application";
		};
		63C42B5324A440660072FA5C /* macOS */ = {
			isa = PBXNativeTarget;
			buildConfigurationList = 63C42B7924A440660072FA5C /* Build configuration list for PBXNativeTarget "macOS" */;
			buildPhases = (
				63C42B5024A440660072FA5C /* Sources */,
				63C42B5124A440660072FA5C /* Frameworks */,
				63C42B5224A440660072FA5C /* Resources */,
			);
			buildRules = (
			);
			dependencies = (
			);
			name = macOS;
			productName = macOS;
			productReference = 63C42B5424A440660072FA5C /* Sandwichs.app */;
			productType = "com.apple.product-type.application";
		};
		63C42B5B24A440660072FA5C /* Tests iOS */ = {
			isa = PBXNativeTarget;
			buildConfigurationList = 63C42B7C24A440660072FA5C /* Build configuration list for PBXNativeTarget "Tests iOS" */;
			buildPhases = (
				63C42B5824A440660072FA5C /* Sources */,
				63C42B5924A440660072FA5C /* Frameworks */,
				63C42B5A24A440660072FA5C /* Resources */,
			);
			buildRules = (
			);
			dependencies = (
				63C42B5E24A440660072FA5C /* PBXTargetDependency */,
			);
			name = "Tests iOS";
			productName = "Tests iOS";
			productReference = 63C42B5C24A440660072FA5C /* Tests iOS.xctest */;
			productType = "com.apple.product-type.bundle.ui-testing";
		};
		63C42B6624A440660072FA5C /* Tests macOS */ = {
			isa = PBXNativeTarget;
			buildConfigurationList = 63C42B7F24A440660072FA5C /* Build configuration list for PBXNativeTarget "Tests macOS" */;
			buildPhases = (
				63C42B6324A440660072FA5C /* Sources */,
				63C42B6424A440660072FA5C /* Frameworks */,
				63C42B6524A440660072FA5C /* Resources */,
			);
			buildRules = (
			);
			dependencies = (
				63C42B6924A440660072FA5C /* PBXTargetDependency */,
			);
			name = "Tests macOS";
			productName = "Tests macOS";
			productReference = 63C42B6724A440660072FA5C /* Tests macOS.xctest */;
			productType = "com.apple.product-type.bundle.ui-testing";
		};
/* End PBXNativeTarget section */

/* Begin PBXProject section */
		63C42B4024A440640072FA5C /* Project object */ = {
			isa = PBXProject;
			attributes = {
				LastSwiftUpdateCheck = 1200;
				LastUpgradeCheck = 1200;
				TargetAttributes = {
					63C42B4B24A440660072FA5C = {
						CreatedOnToolsVersion = 12.0;
					};
					63C42B5324A440660072FA5C = {
						CreatedOnToolsVersion = 12.0;
					};
					63C42B5B24A440660072FA5C = {
						CreatedOnToolsVersion = 12.0;
						TestTargetID = 63C42B4B24A440660072FA5C;
					};
					63C42B6624A440660072FA5C = {
						CreatedOnToolsVersion = 12.0;
						TestTargetID = 63C42B5324A440660072FA5C;
					};
				};
			};
			buildConfigurationList = 63C42B4324A440640072FA5C /* Build configuration list for PBXProject "Sandwichs" */;
			compatibilityVersion = "Xcode 9.3";
			developmentRegion = en;
			hasScannedForEncodings = 0;
			knownRegions = (
				en,
				Base,
			);
			mainGroup = 63C42B3F24A440640072FA5C;
			productRefGroup = 63C42B4D24A440660072FA5C /* Products */;
			projectDirPath = "";
			projectRoot = "";
			targets = (
				63C42B4B24A440660072FA5C /* iOS */,
				63C42B5324A440660072FA5C /* macOS */,
				63C42B5B24A440660072FA5C /* Tests iOS */,
				63C42B6624A440660072FA5C /* Tests macOS */,
			);
		};
/* End PBXProject section */

/* Begin PBXResourcesBuildPhase section */
		63C42B4A24A440660072FA5C /* Resources */ = {
			isa = PBXResourcesBuildPhase;
			buildActionMask = 2147483647;
			files = (
				63C42B7224A440660072FA5C /* Assets.xcassets in Resources */,
			);
			runOnlyForDeploymentPostprocessing = 0;
		};
		63C42B5224A440660072FA5C /* Resources */ = {
			isa = PBXResourcesBuildPhase;
			buildActionMask = 2147483647;
			files = (
				63C42B7324A440660072FA5C /* Assets.xcassets in Resources */,
			);
			runOnlyForDeploymentPostprocessing = 0;
		};
		63C42B5A24A440660072FA5C /* Resources */ = {
			isa = PBXResourcesBuildPhase;
			buildActionMask = 2147483647;
			files = (
			);
			runOnlyForDeploymentPostprocessing = 0;
		};
		63C42B6524A440660072FA5C /* Resources */ = {
			isa = PBXResourcesBuildPhase;
			buildActionMask = 2147483647;
			files = (
			);
			runOnlyForDeploymentPostprocessing = 0;
		};
/* End PBXResourcesBuildPhase section */

/* Begin PBXSourcesBuildPhase section */
		63C42B4824A440660072FA5C /* Sources */ = {
			isa = PBXSourcesBuildPhase;
			buildActionMask = 2147483647;
			files = (
				63B7130924A5604900752E0E /* SandwichStore.swift in Sources */,
				63C42B7024A440660072FA5C /* ContentView.swift in Sources */,
				63C42B6E24A440660072FA5C /* SandwichsApp.swift in Sources */,
				63C42B8324A441B70072FA5C /* Sandwich.swift in Sources */,
				63C42B8924A4567E0072FA5C /* SandwichDetail.swift in Sources */,
			);
			runOnlyForDeploymentPostprocessing = 0;
		};
		63C42B5024A440660072FA5C /* Sources */ = {
			isa = PBXSourcesBuildPhase;
			buildActionMask = 2147483647;
			files = (
				63B7130A24A5604900752E0E /* SandwichStore.swift in Sources */,
				63C42B7124A440660072FA5C /* ContentView.swift in Sources */,
				63C42B6F24A440660072FA5C /* SandwichsApp.swift in Sources */,
				63C42B8424A441B70072FA5C /* Sandwich.swift in Sources */,
				63C42B8A24A4567E0072FA5C /* SandwichDetail.swift in Sources */,
			);
			runOnlyForDeploymentPostprocessing = 0;
		};
		63C42B5824A440660072FA5C /* Sources */ = {
			isa = PBXSourcesBuildPhase;
			buildActionMask = 2147483647;
			files = (
				63C42B6124A440660072FA5C /* Tests_iOS.swift in Sources */,
			);
			runOnlyForDeploymentPostprocessing = 0;
		};
		63C42B6324A440660072FA5C /* Sources */ = {
			isa = PBXSourcesBuildPhase;
			buildActionMask = 2147483647;
			files = (
				63C42B6C24A440660072FA5C /* Tests_macOS.swift in Sources */,
			);
			runOnlyForDeploymentPostprocessing = 0;
		};
/* End PBXSourcesBuildPhase section */

/* Begin PBXTargetDependency section */
		63C42B5E24A440660072FA5C /* PBXTargetDependency */ = {
			isa = PBXTargetDependency;
			target = 63C42B4B24A440660072FA5C /* iOS */;
			targetProxy = 63C42B5D24A440660072FA5C /* PBXContainerItemProxy */;
		};
		63C42B6924A440660072FA5C /* PBXTargetDependency */ = {
			isa = PBXTargetDependency;
			target = 63C42B5324A440660072FA5C /* macOS */;
			targetProxy = 63C42B6824A440660072FA5C /* PBXContainerItemProxy */;
		};
/* End PBXTargetDependency section */

/* Begin XCBuildConfiguration section */
		63C42B7424A440660072FA5C /* Debug */ = {
			isa = XCBuildConfiguration;
			buildSettings = {
				ALWAYS_SEARCH_USER_PATHS = NO;
				CLANG_ANALYZER_NONNULL = YES;
				CLANG_ANALYZER_NUMBER_OBJECT_CONVERSION = YES_AGGRESSIVE;
				CLANG_CXX_LANGUAGE_STANDARD = "gnu++14";
				CLANG_CXX_LIBRARY = "libc++";
				CLANG_ENABLE_MODULES = YES;
				CLANG_ENABLE_OBJC_ARC = YES;
				CLANG_ENABLE_OBJC_WEAK = YES;
				CLANG_WARN_BLOCK_CAPTURE_AUTORELEASING = YES;
				CLANG_WARN_BOOL_CONVERSION = YES;
				CLANG_WARN_COMMA = YES;
				CLANG_WARN_CONSTANT_CONVERSION = YES;
				CLANG_WARN_DEPRECATED_OBJC_IMPLEMENTATIONS = YES;
				CLANG_WARN_DIRECT_OBJC_ISA_USAGE = YES_ERROR;
				CLANG_WARN_DOCUMENTATION_COMMENTS = YES;
				CLANG_WARN_EMPTY_BODY = YES;
				CLANG_WARN_ENUM_CONVERSION = YES;
				CLANG_WARN_INFINITE_RECURSION = YES;
				CLANG_WARN_INT_CONVERSION = YES;
				CLANG_WARN_NON_LITERAL_NULL_CONVERSION = YES;
				CLANG_WARN_OBJC_IMPLICIT_RETAIN_SELF = YES;
				CLANG_WARN_OBJC_LITERAL_CONVERSION = YES;
				CLANG_WARN_OBJC_ROOT_CLASS = YES_ERROR;
				CLANG_WARN_QUOTED_INCLUDE_IN_FRAMEWORK_HEADER = YES;
				CLANG_WARN_RANGE_LOOP_ANALYSIS = YES;
				CLANG_WARN_STRICT_PROTOTYPES = YES;
				CLANG_WARN_SUSPICIOUS_MOVE = YES;
				CLANG_WARN_UNGUARDED_AVAILABILITY = YES_AGGRESSIVE;
				CLANG_WARN_UNREACHABLE_CODE = YES;
				CLANG_WARN__DUPLICATE_METHOD_MATCH = YES;
				COPY_PHASE_STRIP = NO;
				DEBUG_INFORMATION_FORMAT = dwarf;
				ENABLE_STRICT_OBJC_MSGSEND = YES;
				ENABLE_TESTABILITY = YES;
				GCC_C_LANGUAGE_STANDARD = gnu11;
				GCC_DYNAMIC_NO_PIC = NO;
				GCC_NO_COMMON_BLOCKS = YES;
				GCC_OPTIMIZATION_LEVEL = 0;
				GCC_PREPROCESSOR_DEFINITIONS = (
					"DEBUG=1",
					"$(inherited)",
				);
				GCC_WARN_64_TO_32_BIT_CONVERSION = YES;
				GCC_WARN_ABOUT_RETURN_TYPE = YES_ERROR;
				GCC_WARN_UNDECLARED_SELECTOR = YES;
				GCC_WARN_UNINITIALIZED_AUTOS = YES_AGGRESSIVE;
				GCC_WARN_UNUSED_FUNCTION = YES;
				GCC_WARN_UNUSED_VARIABLE = YES;
				MTL_ENABLE_DEBUG_INFO = INCLUDE_SOURCE;
				MTL_FAST_MATH = YES;
				ONLY_ACTIVE_ARCH = YES;
				SWIFT_ACTIVE_COMPILATION_CONDITIONS = DEBUG;
				SWIFT_OPTIMIZATION_LEVEL = "-Onone";
			};
			name = Debug;
		};
		63C42B7524A440660072FA5C /* Release */ = {
			isa = XCBuildConfiguration;
			buildSettings = {
				ALWAYS_SEARCH_USER_PATHS = NO;
				CLANG_ANALYZER_NONNULL = YES;
				CLANG_ANALYZER_NUMBER_OBJECT_CONVERSION = YES_AGGRESSIVE;
				CLANG_CXX_LANGUAGE_STANDARD = "gnu++14";
				CLANG_CXX_LIBRARY = "libc++";
				CLANG_ENABLE_MODULES = YES;
				CLANG_ENABLE_OBJC_ARC = YES;
				CLANG_ENABLE_OBJC_WEAK = YES;
				CLANG_WARN_BLOCK_CAPTURE_AUTORELEASING = YES;
				CLANG_WARN_BOOL_CONVERSION = YES;
				CLANG_WARN_COMMA = YES;
				CLANG_WARN_CONSTANT_CONVERSION = YES;
				CLANG_WARN_DEPRECATED_OBJC_IMPLEMENTATIONS = YES;
				CLANG_WARN_DIRECT_OBJC_ISA_USAGE = YES_ERROR;
				CLANG_WARN_DOCUMENTATION_COMMENTS = YES;
				CLANG_WARN_EMPTY_BODY = YES;
				CLANG_WARN_ENUM_CONVERSION = YES;
				CLANG_WARN_INFINITE_RECURSION = YES;
				CLANG_WARN_INT_CONVERSION = YES;
				CLANG_WARN_NON_LITERAL_NULL_CONVERSION = YES;
				CLANG_WARN_OBJC_IMPLICIT_RETAIN_SELF = YES;
				CLANG_WARN_OBJC_LITERAL_CONVERSION = YES;
				CLANG_WARN_OBJC_ROOT_CLASS = YES_ERROR;
				CLANG_WARN_QUOTED_INCLUDE_IN_FRAMEWORK_HEADER = YES;
				CLANG_WARN_RANGE_LOOP_ANALYSIS = YES;
				CLANG_WARN_STRICT_PROTOTYPES = YES;
				CLANG_WARN_SUSPICIOUS_MOVE = YES;
				CLANG_WARN_UNGUARDED_AVAILABILITY = YES_AGGRESSIVE;
				CLANG_WARN_UNREACHABLE_CODE = YES;
				CLANG_WARN__DUPLICATE_METHOD_MATCH = YES;
				COPY_PHASE_STRIP = NO;
				DEBUG_INFORMATION_FORMAT = "dwarf-with-dsym";
				ENABLE_NS_ASSERTIONS = NO;
				ENABLE_STRICT_OBJC_MSGSEND = YES;
				GCC_C_LANGUAGE_STANDARD = gnu11;
				GCC_NO_COMMON_BLOCKS = YES;
				GCC_WARN_64_TO_32_BIT_CONVERSION = YES;
				GCC_WARN_ABOUT_RETURN_TYPE = YES_ERROR;
				GCC_WARN_UNDECLARED_SELECTOR = YES;
				GCC_WARN_UNINITIALIZED_AUTOS = YES_AGGRESSIVE;
				GCC_WARN_UNUSED_FUNCTION = YES;
				GCC_WARN_UNUSED_VARIABLE = YES;
				MTL_ENABLE_DEBUG_INFO = NO;
				MTL_FAST_MATH = YES;
				SWIFT_COMPILATION_MODE = wholemodule;
				SWIFT_OPTIMIZATION_LEVEL = "-O";
			};
			name = Release;
		};
		63C42B7724A440660072FA5C /* Debug */ = {
			isa = XCBuildConfiguration;
			buildSettings = {
				ASSETCATALOG_COMPILER_APPICON_NAME = AppIcon;
				ASSETCATALOG_COMPILER_GLOBAL_ACCENT_COLOR_NAME = AccentColor;
				CODE_SIGN_STYLE = Automatic;
				DEVELOPMENT_TEAM = 99568KA9SE;
				ENABLE_PREVIEWS = YES;
				INFOPLIST_FILE = iOS/Info.plist;
				IPHONEOS_DEPLOYMENT_TARGET = 14.0;
				LD_RUNPATH_SEARCH_PATHS = (
					"$(inherited)",
					"@executable_path/Frameworks",
				);
				PRODUCT_BUNDLE_IDENTIFIER = com.LifeWorksIQ.Sandwichs;
				PRODUCT_NAME = Sandwichs;
				SDKROOT = iphoneos;
				SWIFT_VERSION = 5.0;
				TARGETED_DEVICE_FAMILY = "1,2";
			};
			name = Debug;
		};
		63C42B7824A440660072FA5C /* Release */ = {
			isa = XCBuildConfiguration;
			buildSettings = {
				ASSETCATALOG_COMPILER_APPICON_NAME = AppIcon;
				ASSETCATALOG_COMPILER_GLOBAL_ACCENT_COLOR_NAME = AccentColor;
				CODE_SIGN_STYLE = Automatic;
				DEVELOPMENT_TEAM = 99568KA9SE;
				ENABLE_PREVIEWS = YES;
				INFOPLIST_FILE = iOS/Info.plist;
				IPHONEOS_DEPLOYMENT_TARGET = 14.0;
				LD_RUNPATH_SEARCH_PATHS = (
					"$(inherited)",
					"@executable_path/Frameworks",
				);
				PRODUCT_BUNDLE_IDENTIFIER = com.LifeWorksIQ.Sandwichs;
				PRODUCT_NAME = Sandwichs;
				SDKROOT = iphoneos;
				SWIFT_VERSION = 5.0;
				TARGETED_DEVICE_FAMILY = "1,2";
				VALIDATE_PRODUCT = YES;
			};
			name = Release;
		};
		63C42B7A24A440660072FA5C /* Debug */ = {
			isa = XCBuildConfiguration;
			buildSettings = {
				ASSETCATALOG_COMPILER_APPICON_NAME = AppIcon;
				ASSETCATALOG_COMPILER_GLOBAL_ACCENT_COLOR_NAME = AccentColor;
				CODE_SIGN_ENTITLEMENTS = macOS/macOS.entitlements;
				CODE_SIGN_STYLE = Automatic;
				COMBINE_HIDPI_IMAGES = YES;
				DEVELOPMENT_TEAM = 99568KA9SE;
				ENABLE_HARDENED_RUNTIME = YES;
				ENABLE_PREVIEWS = YES;
				INFOPLIST_FILE = macOS/Info.plist;
				LD_RUNPATH_SEARCH_PATHS = (
					"$(inherited)",
					"@executable_path/../Frameworks",
				);
				MACOSX_DEPLOYMENT_TARGET = 10.16;
				PRODUCT_BUNDLE_IDENTIFIER = com.LifeWorksIQ.Sandwichs;
				PRODUCT_NAME = Sandwichs;
				SDKROOT = macosx;
				SWIFT_VERSION = 5.0;
			};
			name = Debug;
		};
		63C42B7B24A440660072FA5C /* Release */ = {
			isa = XCBuildConfiguration;
			buildSettings = {
				ASSETCATALOG_COMPILER_APPICON_NAME = AppIcon;
				ASSETCATALOG_COMPILER_GLOBAL_ACCENT_COLOR_NAME = AccentColor;
				CODE_SIGN_ENTITLEMENTS = macOS/macOS.entitlements;
				CODE_SIGN_STYLE = Automatic;
				COMBINE_HIDPI_IMAGES = YES;
				DEVELOPMENT_TEAM = 99568KA9SE;
				ENABLE_HARDENED_RUNTIME = YES;
				ENABLE_PREVIEWS = YES;
				INFOPLIST_FILE = macOS/Info.plist;
				LD_RUNPATH_SEARCH_PATHS = (
					"$(inherited)",
					"@executable_path/../Frameworks",
				);
				MACOSX_DEPLOYMENT_TARGET = 10.16;
				PRODUCT_BUNDLE_IDENTIFIER = com.LifeWorksIQ.Sandwichs;
				PRODUCT_NAME = Sandwichs;
				SDKROOT = macosx;
				SWIFT_VERSION = 5.0;
			};
			name = Release;
		};
		63C42B7D24A440660072FA5C /* Debug */ = {
			isa = XCBuildConfiguration;
			buildSettings = {
				ALWAYS_EMBED_SWIFT_STANDARD_LIBRARIES = YES;
				CODE_SIGN_STYLE = Automatic;
				DEVELOPMENT_TEAM = 99568KA9SE;
				INFOPLIST_FILE = "Tests iOS/Info.plist";
				IPHONEOS_DEPLOYMENT_TARGET = 14.0;
				LD_RUNPATH_SEARCH_PATHS = (
					"$(inherited)",
					"@executable_path/Frameworks",
					"@loader_path/Frameworks",
				);
				PRODUCT_BUNDLE_IDENTIFIER = "com.LifeWorksIQ.Tests-iOS";
				PRODUCT_NAME = "$(TARGET_NAME)";
				SDKROOT = iphoneos;
				SWIFT_VERSION = 5.0;
				TARGETED_DEVICE_FAMILY = "1,2";
				TEST_TARGET_NAME = iOS;
			};
			name = Debug;
		};
		63C42B7E24A440660072FA5C /* Release */ = {
			isa = XCBuildConfiguration;
			buildSettings = {
				ALWAYS_EMBED_SWIFT_STANDARD_LIBRARIES = YES;
				CODE_SIGN_STYLE = Automatic;
				DEVELOPMENT_TEAM = 99568KA9SE;
				INFOPLIST_FILE = "Tests iOS/Info.plist";
				IPHONEOS_DEPLOYMENT_TARGET = 14.0;
				LD_RUNPATH_SEARCH_PATHS = (
					"$(inherited)",
					"@executable_path/Frameworks",
					"@loader_path/Frameworks",
				);
				PRODUCT_BUNDLE_IDENTIFIER = "com.LifeWorksIQ.Tests-iOS";
				PRODUCT_NAME = "$(TARGET_NAME)";
				SDKROOT = iphoneos;
				SWIFT_VERSION = 5.0;
				TARGETED_DEVICE_FAMILY = "1,2";
				TEST_TARGET_NAME = iOS;
				VALIDATE_PRODUCT = YES;
			};
			name = Release;
		};
		63C42B8024A440660072FA5C /* Debug */ = {
			isa = XCBuildConfiguration;
			buildSettings = {
				ALWAYS_EMBED_SWIFT_STANDARD_LIBRARIES = YES;
				CODE_SIGN_STYLE = Automatic;
				COMBINE_HIDPI_IMAGES = YES;
				DEVELOPMENT_TEAM = 99568KA9SE;
				INFOPLIST_FILE = "Tests macOS/Info.plist";
				LD_RUNPATH_SEARCH_PATHS = (
					"$(inherited)",
					"@executable_path/../Frameworks",
					"@loader_path/../Frameworks",
				);
				MACOSX_DEPLOYMENT_TARGET = 10.16;
				PRODUCT_BUNDLE_IDENTIFIER = "com.LifeWorksIQ.Tests-macOS";
				PRODUCT_NAME = "$(TARGET_NAME)";
				SDKROOT = macosx;
				SWIFT_VERSION = 5.0;
				TEST_TARGET_NAME = macOS;
			};
			name = Debug;
		};
		63C42B8124A440660072FA5C /* Release */ = {
			isa = XCBuildConfiguration;
			buildSettings = {
				ALWAYS_EMBED_SWIFT_STANDARD_LIBRARIES = YES;
				CODE_SIGN_STYLE = Automatic;
				COMBINE_HIDPI_IMAGES = YES;
				DEVELOPMENT_TEAM = 99568KA9SE;
				INFOPLIST_FILE = "Tests macOS/Info.plist";
				LD_RUNPATH_SEARCH_PATHS = (
					"$(inherited)",
					"@executable_path/../Frameworks",
					"@loader_path/../Frameworks",
				);
				MACOSX_DEPLOYMENT_TARGET = 10.16;
				PRODUCT_BUNDLE_IDENTIFIER = "com.LifeWorksIQ.Tests-macOS";
				PRODUCT_NAME = "$(TARGET_NAME)";
				SDKROOT = macosx;
				SWIFT_VERSION = 5.0;
				TEST_TARGET_NAME = macOS;
			};
			name = Release;
		};
/* End XCBuildConfiguration section */

/* Begin XCConfigurationList section */
		63C42B4324A440640072FA5C /* Build configuration list for PBXProject "Sandwichs" */ = {
			isa = XCConfigurationList;
			buildConfigurations = (
				63C42B7424A440660072FA5C /* Debug */,
				63C42B7524A440660072FA5C /* Release */,
			);
			defaultConfigurationIsVisible = 0;
			defaultConfigurationName = Release;
		};
		63C42B7624A440660072FA5C /* Build configuration list for PBXNativeTarget "iOS" */ = {
			isa = XCConfigurationList;
			buildConfigurations = (
				63C42B7724A440660072FA5C /* Debug */,
				63C42B7824A440660072FA5C /* Release */,
			);
			defaultConfigurationIsVisible = 0;
			defaultConfigurationName = Release;
		};
		63C42B7924A440660072FA5C /* Build configuration list for PBXNativeTarget "macOS" */ = {
			isa = XCConfigurationList;
			buildConfigurations = (
				63C42B7A24A440660072FA5C /* Debug */,
				63C42B7B24A440660072FA5C /* Release */,
			);
			defaultConfigurationIsVisible = 0;
			defaultConfigurationName = Release;
		};
		63C42B7C24A440660072FA5C /* Build configuration list for PBXNativeTarget "Tests iOS" */ = {
			isa = XCConfigurationList;
			buildConfigurations = (
				63C42B7D24A440660072FA5C /* Debug */,
				63C42B7E24A440660072FA5C /* Release */,
			);
			defaultConfigurationIsVisible = 0;
			defaultConfigurationName = Release;
		};
		63C42B7F24A440660072FA5C /* Build configuration list for PBXNativeTarget "Tests macOS" */ = {
			isa = XCConfigurationList;
			buildConfigurations = (
				63C42B8024A440660072FA5C /* Debug */,
				63C42B8124A440660072FA5C /* Release */,
			);
			defaultConfigurationIsVisible = 0;
			defaultConfigurationName = Release;
		};
/* End XCConfigurationList section */
	};
	rootObject = 63C42B4024A440640072FA5C /* Project object */;
}
